
Microsoft Visual Studio Solution File, Format Version 12.00
# Visual Studio 14
VisualStudioVersion = 14.0.24720.0
MinimumVisualStudioVersion = 10.0.40219.1
Project("{FAE04EC0-301F-11D3-BF4B-00C04F79EFBC}") = "LaufKelner_2_3", "LaufKelner_2_3\LaufKelner_2_3\LaufKelner_2_3.csproj", "{9F925698-5E8F-4209-9181-1BDEF0E05CAC}"
EndProject
Project("{96E2B04D-8817-42C6-938A-82C39BA4D311}") = "LaufKelner_2_3Content", "LaufKelner_2_3\LaufKelner_2_3Content\LaufKelner_2_3Content.contentproj", "{01EB460C-12EF-4240-9247-817DCA5E4177}"
EndProject
Global
	GlobalSection(SolutionConfigurationPlatforms) = preSolution
		Debug|x86 = Debug|x86
		Release|x86 = Release|x86
	EndGlobalSection
	GlobalSection(ProjectConfigurationPlatforms) = postSolution
		{9F925698-5E8F-4209-9181-1BDEF0E05CAC}.Debug|x86.ActiveCfg = Debug|x86
		{9F925698-5E8F-4209-9181-1BDEF0E05CAC}.Debug|x86.Build.0 = Debug|x86
		{9F925698-5E8F-4209-9181-1BDEF0E05CAC}.Release|x86.ActiveCfg = Release|x86
		{9F925698-5E8F-4209-9181-1BDEF0E05CAC}.Release|x86.Build.0 = Release|x86
		{01EB460C-12EF-4240-9247-817DCA5E4177}.Debug|x86.ActiveCfg = Debug|x86
		{01EB460C-12EF-4240-9247-817DCA5E4177}.Release|x86.ActiveCfg = Release|x86
	EndGlobalSection
	GlobalSection(SolutionProperties) = preSolution
		HideSolutionNode = FALSE
	EndGlobalSection
EndGlobal
